
Microsoft Visual Studio Solution File, Format Version 12.00
Project("{FAE04EC0-301F-11D3-BF4B-00C04F79EFBC}") = "TomLonghurst.Events.NotifyContextChanged", "TomLonghurst.Events.NotifyContextChanged\TomLonghurst.Events.NotifyContextChanged.csproj", "{2EAEFA0A-0FEA-4E70-9CD1-8720BF1646B1}"
EndProject
Project("{FAE04EC0-301F-11D3-BF4B-00C04F79EFBC}") = "TomLonghurst.Events.NotifyContextChanged.Example", "TomLonghurst.Events.NotifyContextChanged.Example\TomLonghurst.Events.NotifyContextChanged.Example.csproj", "{F35BF42C-8846-43F7-9E06-D2369931114F}"
EndProject
Global
	GlobalSection(SolutionConfigurationPlatforms) = preSolution
		Debug|Any CPU = Debug|Any CPU
		Release|Any CPU = Release|Any CPU
	EndGlobalSection
	GlobalSection(ProjectConfigurationPlatforms) = postSolution
		{2EAEFA0A-0FEA-4E70-9CD1-8720BF1646B1}.Debug|Any CPU.ActiveCfg = Debug|Any CPU
		{2EAEFA0A-0FEA-4E70-9CD1-8720BF1646B1}.Debug|Any CPU.Build.0 = Debug|Any CPU
		{2EAEFA0A-0FEA-4E70-9CD1-8720BF1646B1}.Release|Any CPU.ActiveCfg = Release|Any CPU
		{2EAEFA0A-0FEA-4E70-9CD1-8720BF1646B1}.Release|Any CPU.Build.0 = Release|Any CPU
		{F35BF42C-8846-43F7-9E06-D2369931114F}.Debug|Any CPU.ActiveCfg = Debug|Any CPU
		{F35BF42C-8846-43F7-9E06-D2369931114F}.Debug|Any CPU.Build.0 = Debug|Any CPU
		{F35BF42C-8846-43F7-9E06-D2369931114F}.Release|Any CPU.ActiveCfg = Release|Any CPU
		{F35BF42C-8846-43F7-9E06-D2369931114F}.Release|Any CPU.Build.0 = Release|Any CPU
	EndGlobalSection
EndGlobal
